
Microsoft Visual Studio Solution File, Format Version 12.00
Project("{FAE04EC0-301F-11D3-BF4B-00C04F79EFBC}") = "SimpleApi", "SimpleApi\src\SimpleApi\SimpleApi.csproj", "{F36BFEFB-74E5-489D-A830-5A23E398D770}"
EndProject
Project("{FAE04EC0-301F-11D3-BF4B-00C04F79EFBC}") = "MinimalLambda", "MinimalLambda\src\MinimalLambda\MinimalLambda.csproj", "{3D65C2CD-A631-49A6-9B3E-7874CF64034B}"
EndProject
Project("{FAE04EC0-301F-11D3-BF4B-00C04F79EFBC}") = "SimpleApiWithDynamoDb", "SimpleApiWithDynamoDb\src\SimpleApiWithDynamoDb\SimpleApiWithDynamoDb.csproj", "{63529C87-86AB-4E79-8B3A-98A67E1C8BD8}"
EndProject
Global
	GlobalSection(SolutionConfigurationPlatforms) = preSolution
		Debug|Any CPU = Debug|Any CPU
		Release|Any CPU = Release|Any CPU
	EndGlobalSection
	GlobalSection(ProjectConfigurationPlatforms) = postSolution
		{F36BFEFB-74E5-489D-A830-5A23E398D770}.Debug|Any CPU.ActiveCfg = Debug|Any CPU
		{F36BFEFB-74E5-489D-A830-5A23E398D770}.Debug|Any CPU.Build.0 = Debug|Any CPU
		{F36BFEFB-74E5-489D-A830-5A23E398D770}.Release|Any CPU.ActiveCfg = Release|Any CPU
		{F36BFEFB-74E5-489D-A830-5A23E398D770}.Release|Any CPU.Build.0 = Release|Any CPU
		{3D65C2CD-A631-49A6-9B3E-7874CF64034B}.Debug|Any CPU.ActiveCfg = Debug|Any CPU
		{3D65C2CD-A631-49A6-9B3E-7874CF64034B}.Debug|Any CPU.Build.0 = Debug|Any CPU
		{3D65C2CD-A631-49A6-9B3E-7874CF64034B}.Release|Any CPU.ActiveCfg = Release|Any CPU
		{3D65C2CD-A631-49A6-9B3E-7874CF64034B}.Release|Any CPU.Build.0 = Release|Any CPU
		{63529C87-86AB-4E79-8B3A-98A67E1C8BD8}.Debug|Any CPU.ActiveCfg = Debug|Any CPU
		{63529C87-86AB-4E79-8B3A-98A67E1C8BD8}.Debug|Any CPU.Build.0 = Debug|Any CPU
		{63529C87-86AB-4E79-8B3A-98A67E1C8BD8}.Release|Any CPU.ActiveCfg = Release|Any CPU
		{63529C87-86AB-4E79-8B3A-98A67E1C8BD8}.Release|Any CPU.Build.0 = Release|Any CPU
	EndGlobalSection
EndGlobal
